
Microsoft Visual Studio Solution File, Format Version 12.00
# Visual Studio Version 17
VisualStudioVersion = 17.9.34616.47
MinimumVisualStudioVersion = 10.0.40219.1
Project("{FAE04EC0-301F-11D3-BF4B-00C04F79EFBC}") = "Test1", "Test1\Test1.csproj", "{68DD94EF-5C5A-414B-BCFB-967B112BEEA0}"
EndProject
Global
	GlobalSection(SolutionConfigurationPlatforms) = preSolution
		Debug|Any CPU = Debug|Any CPU
		Release|Any CPU = Release|Any CPU
	EndGlobalSection
	GlobalSection(ProjectConfigurationPlatforms) = postSolution
		{68DD94EF-5C5A-414B-BCFB-967B112BEEA0}.Debug|Any CPU.ActiveCfg = Debug|Any CPU
		{68DD94EF-5C5A-414B-BCFB-967B112BEEA0}.Debug|Any CPU.Build.0 = Debug|Any CPU
		{68DD94EF-5C5A-414B-BCFB-967B112BEEA0}.Release|Any CPU.ActiveCfg = Release|Any CPU
		{68DD94EF-5C5A-414B-BCFB-967B112BEEA0}.Release|Any CPU.Build.0 = Release|Any CPU
	EndGlobalSection
	GlobalSection(SolutionProperties) = preSolution
		HideSolutionNode = FALSE
	EndGlobalSection
	GlobalSection(ExtensibilityGlobals) = postSolution
		SolutionGuid = {6FE91A54-6C74-47D0-8AF1-81E2B0D01A43}
	EndGlobalSection
EndGlobal
